
Microsoft Visual Studio Solution File, Format Version 12.00
# Visual Studio Version 17
VisualStudioVersion = 17.10.35122.118
MinimumVisualStudioVersion = 10.0.40219.1
Project("{FAE04EC0-301F-11D3-BF4B-00C04F79EFBC}") = "AnotherOne1", "AnotherOne1\AnotherOne1.csproj", "{084AD638-C89E-4B94-9C78-89CD4138F438}"
EndProject
Global
	GlobalSection(SolutionConfigurationPlatforms) = preSolution
		Debug|Any CPU = Debug|Any CPU
		Release|Any CPU = Release|Any CPU
	EndGlobalSection
	GlobalSection(ProjectConfigurationPlatforms) = postSolution
		{084AD638-C89E-4B94-9C78-89CD4138F438}.Debug|Any CPU.ActiveCfg = Debug|Any CPU
		{084AD638-C89E-4B94-9C78-89CD4138F438}.Debug|Any CPU.Build.0 = Debug|Any CPU
		{084AD638-C89E-4B94-9C78-89CD4138F438}.Release|Any CPU.ActiveCfg = Release|Any CPU
		{084AD638-C89E-4B94-9C78-89CD4138F438}.Release|Any CPU.Build.0 = Release|Any CPU
	EndGlobalSection
	GlobalSection(SolutionProperties) = preSolution
		HideSolutionNode = FALSE
	EndGlobalSection
	GlobalSection(ExtensibilityGlobals) = postSolution
		SolutionGuid = {586D8252-C6BA-4352-8C50-D184CE65642B}
	EndGlobalSection
EndGlobal
